// !$*UTF8*$!
{
	archiveVersion = 1;
	classes = {
	};
	objectVersion = 56;
	objects = {

/* Begin PBXBuildFile section */
		B044205D2CD3ECFD00F6A9F9 /* ApplicationData.swift in Sources */ = {isa = PBXBuildFile; fileRef = B044205C2CD3ECFD00F6A9F9 /* ApplicationData.swift */; };
		B04420622CD53CC700F6A9F9 /* DayBadgeView.swift in Sources */ = {isa = PBXBuildFile; fileRef = B04420612CD53CC700F6A9F9 /* DayBadgeView.swift */; };
		B04420642CD67C3800F6A9F9 /* DayDetailsView.swift in Sources */ = {isa = PBXBuildFile; fileRef = B04420632CD67C3800F6A9F9 /* DayDetailsView.swift */; };
		B04420662CD69F8600F6A9F9 /* DailyMenuModel.swift in Sources */ = {isa = PBXBuildFile; fileRef = B04420652CD69F8600F6A9F9 /* DailyMenuModel.swift */; };
		B04420682CD8CD9D00F6A9F9 /* DailyMenuView.swift in Sources */ = {isa = PBXBuildFile; fileRef = B04420672CD8CD9D00F6A9F9 /* DailyMenuView.swift */; };
		B044206A2CD8D73A00F6A9F9 /* ProgressBarView.swift in Sources */ = {isa = PBXBuildFile; fileRef = B04420692CD8D73A00F6A9F9 /* ProgressBarView.swift */; };
		B044206C2CD92BA200F6A9F9 /* NetworkController.swift in Sources */ = {isa = PBXBuildFile; fileRef = B044206B2CD92BA200F6A9F9 /* NetworkController.swift */; };
		B04420772CD92CBC00F6A9F9 /* allergens.json in Resources */ = {isa = PBXBuildFile; fileRef = B044206D2CD92CBC00F6A9F9 /* allergens.json */; };
		B044207F2CDA4DD600F6A9F9 /* breakfast.json in Resources */ = {isa = PBXBuildFile; fileRef = B044207B2CDA4DD600F6A9F9 /* breakfast.json */; };
		B04420802CDA4DD600F6A9F9 /* lunch.json in Resources */ = {isa = PBXBuildFile; fileRef = B044207D2CDA4DD600F6A9F9 /* lunch.json */; };
		B04420812CDA4DD600F6A9F9 /* snack.json in Resources */ = {isa = PBXBuildFile; fileRef = B044207E2CDA4DD600F6A9F9 /* snack.json */; };
		B04420822CDA4DD600F6A9F9 /* dinner.json in Resources */ = {isa = PBXBuildFile; fileRef = B044207C2CDA4DD600F6A9F9 /* dinner.json */; };
		B04420852CDA87E900F6A9F9 /* AllergensData.swift in Sources */ = {isa = PBXBuildFile; fileRef = B04420842CDA87E900F6A9F9 /* AllergensData.swift */; };
		B04420872CDCF42400F6A9F9 /* MenuPreferencesModel.swift in Sources */ = {isa = PBXBuildFile; fileRef = B04420862CDCF42400F6A9F9 /* MenuPreferencesModel.swift */; };
		B0547D902CC3C60D005AFFFD /* UserEditView.swift in Sources */ = {isa = PBXBuildFile; fileRef = B0547D8F2CC3C60D005AFFFD /* UserEditView.swift */; };
		B0547D932CC3E2C3005AFFFD /* UserView.swift in Sources */ = {isa = PBXBuildFile; fileRef = B0547D922CC3E2C3005AFFFD /* UserView.swift */; };
		B082D1DD2CB2DD670014F4C9 /* Menu_AdviserApp.swift in Sources */ = {isa = PBXBuildFile; fileRef = B082D1DC2CB2DD670014F4C9 /* Menu_AdviserApp.swift */; };
		B082D1DF2CB2DD670014F4C9 /* ContentView.swift in Sources */ = {isa = PBXBuildFile; fileRef = B082D1DE2CB2DD670014F4C9 /* ContentView.swift */; };
		B082D1E12CB2DD690014F4C9 /* Assets.xcassets in Resources */ = {isa = PBXBuildFile; fileRef = B082D1E02CB2DD690014F4C9 /* Assets.xcassets */; };
		B082D1E42CB2DD690014F4C9 /* Preview Assets.xcassets in Resources */ = {isa = PBXBuildFile; fileRef = B082D1E32CB2DD690014F4C9 /* Preview Assets.xcassets */; };
		B082D1ED2CB2DDC90014F4C9 /* ProgressView.swift in Sources */ = {isa = PBXBuildFile; fileRef = B082D1EC2CB2DDC90014F4C9 /* ProgressView.swift */; };
		B082D1EF2CB2DE140014F4C9 /* UserDataView.swift in Sources */ = {isa = PBXBuildFile; fileRef = B082D1EE2CB2DE130014F4C9 /* UserDataView.swift */; };
		B082D1F12CB2DE3C0014F4C9 /* GoalsView.swift in Sources */ = {isa = PBXBuildFile; fileRef = B082D1F02CB2DE3C0014F4C9 /* GoalsView.swift */; };
		B082D1F32CB2DE4D0014F4C9 /* MenuView.swift in Sources */ = {isa = PBXBuildFile; fileRef = B082D1F22CB2DE4D0014F4C9 /* MenuView.swift */; };
		B082D1F72CB2E4840014F4C9 /* Launch Screen.storyboard in Resources */ = {isa = PBXBuildFile; fileRef = B082D1F62CB2E4840014F4C9 /* Launch Screen.storyboard */; };
		B082D2132CBAA7EE0014F4C9 /* MenuPreferencesView.swift in Sources */ = {isa = PBXBuildFile; fileRef = B082D2122CBAA7EE0014F4C9 /* MenuPreferencesView.swift */; };
		B082D21B2CBAC0AF0014F4C9 /* JSONDataController.swift in Sources */ = {isa = PBXBuildFile; fileRef = B082D21A2CBAC0AF0014F4C9 /* JSONDataController.swift */; };
		B082D2222CBAC5F10014F4C9 /* AllergenRowView.swift in Sources */ = {isa = PBXBuildFile; fileRef = B082D2212CBAC5F10014F4C9 /* AllergenRowView.swift */; };
		B082D2262CBACC080014F4C9 /* RecipeData.swift in Sources */ = {isa = PBXBuildFile; fileRef = B082D2252CBACC080014F4C9 /* RecipeData.swift */; };
		B0A7395C2CC0007E00DBA213 /* UserModel.swift in Sources */ = {isa = PBXBuildFile; fileRef = B0A7395B2CC0007D00DBA213 /* UserModel.swift */; };
		B0E4BFB22CC551FF002F87E8 /* GoalsDataView.swift in Sources */ = {isa = PBXBuildFile; fileRef = B0E4BFB12CC551FF002F87E8 /* GoalsDataView.swift */; };
		B0E4BFB42CC5528A002F87E8 /* GoalsEditView.swift in Sources */ = {isa = PBXBuildFile; fileRef = B0E4BFB32CC5528A002F87E8 /* GoalsEditView.swift */; };
		B0E4BFB62CC553C7002F87E8 /* GoalsModel.swift in Sources */ = {isa = PBXBuildFile; fileRef = B0E4BFB52CC553C7002F87E8 /* GoalsModel.swift */; };
/* End PBXBuildFile section */

/* Begin PBXFileReference section */
		B03637152CDD0FA100E44FE6 /* RecipeDetailsView.swift */ = {isa = PBXFileReference; lastKnownFileType = sourcecode.swift; path = RecipeDetailsView.swift; sourceTree = "<group>"; };
		B03637172CDD1BD400E44FE6 /* SelectedRecipe.swift */ = {isa = PBXFileReference; lastKnownFileType = sourcecode.swift; path = SelectedRecipe.swift; sourceTree = "<group>"; };
		B03637192CDD64F600E44FE6 /* RecipeMealRowView.swift */ = {isa = PBXFileReference; lastKnownFileType = sourcecode.swift; path = RecipeMealRowView.swift; sourceTree = "<group>"; };
		B044205C2CD3ECFD00F6A9F9 /* AppData.swift */ = {isa = PBXFileReference; lastKnownFileType = sourcecode.swift; path = AppData.swift; sourceTree = "<group>"; };
		B04420612CD53CC700F6A9F9 /* DayBadgeView.swift */ = {isa = PBXFileReference; lastKnownFileType = sourcecode.swift; path = DayBadgeView.swift; sourceTree = "<group>"; };
		B04420632CD67C3800F6A9F9 /* DayDetailsView.swift */ = {isa = PBXFileReference; lastKnownFileType = sourcecode.swift; path = DayDetailsView.swift; sourceTree = "<group>"; };
		B04420652CD69F8600F6A9F9 /* DailyMenuModel.swift */ = {isa = PBXFileReference; lastKnownFileType = sourcecode.swift; path = DailyMenuModel.swift; sourceTree = "<group>"; };
		B04420672CD8CD9D00F6A9F9 /* DailyMenuView.swift */ = {isa = PBXFileReference; lastKnownFileType = sourcecode.swift; path = DailyMenuView.swift; sourceTree = "<group>"; };
		B04420692CD8D73A00F6A9F9 /* ProgressBarView.swift */ = {isa = PBXFileReference; lastKnownFileType = sourcecode.swift; path = ProgressBarView.swift; sourceTree = "<group>"; };
		B044206B2CD92BA200F6A9F9 /* NetworkController.swift */ = {isa = PBXFileReference; lastKnownFileType = sourcecode.swift; path = NetworkController.swift; sourceTree = "<group>"; };
		B044206D2CD92CBC00F6A9F9 /* allergens.json */ = {isa = PBXFileReference; lastKnownFileType = text.json; path = allergens.json; sourceTree = "<group>"; };
		B044207B2CDA4DD600F6A9F9 /* breakfast.json */ = {isa = PBXFileReference; lastKnownFileType = text.json; path = breakfast.json; sourceTree = "<group>"; };
		B044207C2CDA4DD600F6A9F9 /* dinner.json */ = {isa = PBXFileReference; lastKnownFileType = text.json; path = dinner.json; sourceTree = "<group>"; };
		B044207D2CDA4DD600F6A9F9 /* lunch.json */ = {isa = PBXFileReference; lastKnownFileType = text.json; path = lunch.json; sourceTree = "<group>"; };
		B044207E2CDA4DD600F6A9F9 /* snack.json */ = {isa = PBXFileReference; lastKnownFileType = text.json; path = snack.json; sourceTree = "<group>"; };
		B04420842CDA87E900F6A9F9 /* AllergensData.swift */ = {isa = PBXFileReference; lastKnownFileType = sourcecode.swift; path = AllergensData.swift; sourceTree = "<group>"; };
		B04420862CDCF42400F6A9F9 /* MenuPreferencesModel.swift */ = {isa = PBXFileReference; lastKnownFileType = sourcecode.swift; path = MenuPreferencesModel.swift; sourceTree = "<group>"; };
		B0547D8F2CC3C60D005AFFFD /* UserEditView.swift */ = {isa = PBXFileReference; lastKnownFileType = sourcecode.swift; path = UserEditView.swift; sourceTree = "<group>"; };
		B0547D922CC3E2C3005AFFFD /* UserView.swift */ = {isa = PBXFileReference; lastKnownFileType = sourcecode.swift; path = UserView.swift; sourceTree = "<group>"; };
		B082D1D92CB2DD670014F4C9 /* Menu Adviser.app */ = {isa = PBXFileReference; explicitFileType = wrapper.application; includeInIndex = 0; path = "Menu Adviser.app"; sourceTree = BUILT_PRODUCTS_DIR; };
		B082D1DC2CB2DD670014F4C9 /* Menu_AdviserApp.swift */ = {isa = PBXFileReference; lastKnownFileType = sourcecode.swift; path = Menu_AdviserApp.swift; sourceTree = "<group>"; };
		B082D1DE2CB2DD670014F4C9 /* ContentView.swift */ = {isa = PBXFileReference; lastKnownFileType = sourcecode.swift; path = ContentView.swift; sourceTree = "<group>"; };
		B082D1E02CB2DD690014F4C9 /* Assets.xcassets */ = {isa = PBXFileReference; lastKnownFileType = folder.assetcatalog; path = Assets.xcassets; sourceTree = "<group>"; };
		B082D1E32CB2DD690014F4C9 /* Preview Assets.xcassets */ = {isa = PBXFileReference; lastKnownFileType = folder.assetcatalog; path = "Preview Assets.xcassets"; sourceTree = "<group>"; };
		B082D1EC2CB2DDC90014F4C9 /* ProgressView.swift */ = {isa = PBXFileReference; lastKnownFileType = sourcecode.swift; path = ProgressView.swift; sourceTree = "<group>"; };
		B082D1EE2CB2DE130014F4C9 /* UserDataView.swift */ = {isa = PBXFileReference; lastKnownFileType = sourcecode.swift; path = UserDataView.swift; sourceTree = "<group>"; };
		B082D1F02CB2DE3C0014F4C9 /* GoalsView.swift */ = {isa = PBXFileReference; lastKnownFileType = sourcecode.swift; path = GoalsView.swift; sourceTree = "<group>"; };
		B082D1F22CB2DE4D0014F4C9 /* MenuView.swift */ = {isa = PBXFileReference; lastKnownFileType = sourcecode.swift; path = MenuView.swift; sourceTree = "<group>"; };
		B082D1F62CB2E4840014F4C9 /* Launch Screen.storyboard */ = {isa = PBXFileReference; lastKnownFileType = file.storyboard; path = "Launch Screen.storyboard"; sourceTree = "<group>"; };
		B082D2122CBAA7EE0014F4C9 /* MenuPreferencesView.swift */ = {isa = PBXFileReference; lastKnownFileType = sourcecode.swift; path = MenuPreferencesView.swift; sourceTree = "<group>"; };
		B082D21A2CBAC0AF0014F4C9 /* JSONDataController.swift */ = {isa = PBXFileReference; lastKnownFileType = sourcecode.swift; path = JSONDataController.swift; sourceTree = "<group>"; };
		B082D2212CBAC5F10014F4C9 /* AllergenRowView.swift */ = {isa = PBXFileReference; lastKnownFileType = sourcecode.swift; path = AllergenRowView.swift; sourceTree = "<group>"; };
		B082D2252CBACC080014F4C9 /* RecipeData.swift */ = {isa = PBXFileReference; lastKnownFileType = sourcecode.swift; path = RecipeData.swift; sourceTree = "<group>"; };
		B0A7395B2CC0007D00DBA213 /* UserModel.swift */ = {isa = PBXFileReference; lastKnownFileType = sourcecode.swift; path = UserModel.swift; sourceTree = "<group>"; };
		B0E4BFB12CC551FF002F87E8 /* GoalsDataView.swift */ = {isa = PBXFileReference; lastKnownFileType = sourcecode.swift; path = GoalsDataView.swift; sourceTree = "<group>"; };
		B0E4BFB32CC5528A002F87E8 /* GoalsEditView.swift */ = {isa = PBXFileReference; lastKnownFileType = sourcecode.swift; path = GoalsEditView.swift; sourceTree = "<group>"; };
		B0E4BFB52CC553C7002F87E8 /* GoalsModel.swift */ = {isa = PBXFileReference; lastKnownFileType = sourcecode.swift; path = GoalsModel.swift; sourceTree = "<group>"; };
/* End PBXFileReference section */

/* Begin PBXFrameworksBuildPhase section */
		B082D1D62CB2DD670014F4C9 /* Frameworks */ = {
			isa = PBXFrameworksBuildPhase;
			buildActionMask = 2147483647;
			files = (
			);
			runOnlyForDeploymentPostprocessing = 0;
		};
/* End PBXFrameworksBuildPhase section */

/* Begin PBXGroup section */
		B044205E2CD53C1100F6A9F9 /* Progress */ = {
			isa = PBXGroup;
			children = (
				B04420612CD53CC700F6A9F9 /* DayBadgeView.swift */,
				B04420632CD67C3800F6A9F9 /* DayDetailsView.swift */,
				B04420692CD8D73A00F6A9F9 /* ProgressBarView.swift */,
				B04420672CD8CD9D00F6A9F9 /* DailyMenuView.swift */,
				B03637192CDD64F600E44FE6 /* RecipeMealRowView.swift */,
				B03637152CDD0FA100E44FE6 /* RecipeDetailsView.swift */,
			);
			path = Progress;
			sourceTree = "<group>";
		};
		B04420832CDA4DE200F6A9F9 /* apiMock */ = {
			isa = PBXGroup;
			children = (
				B044207B2CDA4DD600F6A9F9 /* breakfast.json */,
				B044207C2CDA4DD600F6A9F9 /* dinner.json */,
				B044207D2CDA4DD600F6A9F9 /* lunch.json */,
				B044207E2CDA4DD600F6A9F9 /* snack.json */,
			);
			path = apiMock;
			sourceTree = "<group>";
		};
		B0547D912CC3C682005AFFFD /* User */ = {
			isa = PBXGroup;
			children = (
				B082D1EE2CB2DE130014F4C9 /* UserDataView.swift */,
				B0547D8F2CC3C60D005AFFFD /* UserEditView.swift */,
			);
			path = User;
			sourceTree = "<group>";
		};
		B082D1D02CB2DD670014F4C9 = {
			isa = PBXGroup;
			children = (
				B082D1DB2CB2DD670014F4C9 /* Menu Adviser */,
				B082D1DA2CB2DD670014F4C9 /* Products */,
			);
			sourceTree = "<group>";
		};
		B082D1DA2CB2DD670014F4C9 /* Products */ = {
			isa = PBXGroup;
			children = (
				B082D1D92CB2DD670014F4C9 /* Menu Adviser.app */,
			);
			name = Products;
			sourceTree = "<group>";
		};
		B082D1DB2CB2DD670014F4C9 /* Menu Adviser */ = {
			isa = PBXGroup;
			children = (
				B082D1DC2CB2DD670014F4C9 /* Menu_AdviserApp.swift */,
				B082D21C2CBAC1320014F4C9 /* Data */,
				B082D2172CBAB2F40014F4C9 /* Controller */,
				B082D1F62CB2E4840014F4C9 /* Launch Screen.storyboard */,
				B082D2142CBAAAA50014F4C9 /* Model */,
				B082D1E02CB2DD690014F4C9 /* Assets.xcassets */,
				B082D1EB2CB2DD900014F4C9 /* View */,
				B082D1E22CB2DD690014F4C9 /* Preview Content */,
			);
			path = "Menu Adviser";
			sourceTree = "<group>";
		};
		B082D1E22CB2DD690014F4C9 /* Preview Content */ = {
			isa = PBXGroup;
			children = (
				B082D1E32CB2DD690014F4C9 /* Preview Assets.xcassets */,
			);
			path = "Preview Content";
			sourceTree = "<group>";
		};
		B082D1EB2CB2DD900014F4C9 /* View */ = {
			isa = PBXGroup;
			children = (
				B082D1DE2CB2DD670014F4C9 /* ContentView.swift */,
				B044205E2CD53C1100F6A9F9 /* Progress */,
				B0E4BFB02CC54AC7002F87E8 /* Goals */,
				B0547D912CC3C682005AFFFD /* User */,
				B082D20F2CBA72E00014F4C9 /* Menu */,
				B082D1EC2CB2DDC90014F4C9 /* ProgressView.swift */,
				B082D1F02CB2DE3C0014F4C9 /* GoalsView.swift */,
				B082D1F22CB2DE4D0014F4C9 /* MenuView.swift */,
				B0547D922CC3E2C3005AFFFD /* UserView.swift */,
			);
			path = View;
			sourceTree = "<group>";
		};
		B082D20F2CBA72E00014F4C9 /* Menu */ = {
			isa = PBXGroup;
			children = (
				B082D2122CBAA7EE0014F4C9 /* MenuPreferencesView.swift */,
				B082D2212CBAC5F10014F4C9 /* AllergenRowView.swift */,
			);
			path = Menu;
			sourceTree = "<group>";
		};
		B082D2142CBAAAA50014F4C9 /* Model */ = {
			isa = PBXGroup;
			children = (
				B04420652CD69F8600F6A9F9 /* DailyMenuModel.swift */,
				B0A7395B2CC0007D00DBA213 /* UserModel.swift */,
				B04420862CDCF42400F6A9F9 /* MenuPreferencesModel.swift */,
				B0E4BFB52CC553C7002F87E8 /* GoalsModel.swift */,
			);
			path = Model;
			sourceTree = "<group>";
		};
		B082D2172CBAB2F40014F4C9 /* Controller */ = {
			isa = PBXGroup;
			children = (
				B082D21A2CBAC0AF0014F4C9 /* JSONDataController.swift */,
				B044206B2CD92BA200F6A9F9 /* NetworkController.swift */,
			);
			path = Controller;
			sourceTree = "<group>";
		};
		B082D21C2CBAC1320014F4C9 /* Data */ = {
			isa = PBXGroup;
			children = (
				B04420832CDA4DE200F6A9F9 /* apiMock */,
				B044206D2CD92CBC00F6A9F9 /* allergens.json */,
				B04420842CDA87E900F6A9F9 /* AllergensData.swift */,
				B082D2252CBACC080014F4C9 /* RecipeData.swift */,
				B044205C2CD3ECFD00F6A9F9 /* AppData.swift */,
				B03637172CDD1BD400E44FE6 /* SelectedRecipe.swift */,
			);
			path = Data;
			sourceTree = "<group>";
		};
		B0E4BFB02CC54AC7002F87E8 /* Goals */ = {
			isa = PBXGroup;
			children = (
				B0E4BFB12CC551FF002F87E8 /* GoalsDataView.swift */,
				B0E4BFB32CC5528A002F87E8 /* GoalsEditView.swift */,
			);
			path = Goals;
			sourceTree = "<group>";
		};
/* End PBXGroup section */

/* Begin PBXNativeTarget section */
		B082D1D82CB2DD670014F4C9 /* Menu Adviser */ = {
			isa = PBXNativeTarget;
			buildConfigurationList = B082D1E72CB2DD690014F4C9 /* Build configuration list for PBXNativeTarget "Menu Adviser" */;
			buildPhases = (
				B082D1D52CB2DD670014F4C9 /* Sources */,
				B082D1D62CB2DD670014F4C9 /* Frameworks */,
				B082D1D72CB2DD670014F4C9 /* Resources */,
			);
			buildRules = (
			);
			dependencies = (
			);
			name = "Menu Adviser";
			productName = "Menu Adviser";
			productReference = B082D1D92CB2DD670014F4C9 /* Menu Adviser.app */;
			productType = "com.apple.product-type.application";
		};
/* End PBXNativeTarget section */

/* Begin PBXProject section */
		B082D1D12CB2DD670014F4C9 /* Project object */ = {
			isa = PBXProject;
			attributes = {
				BuildIndependentTargetsInParallel = 1;
				LastSwiftUpdateCheck = 1540;
				LastUpgradeCheck = 1540;
				TargetAttributes = {
					B082D1D82CB2DD670014F4C9 = {
						CreatedOnToolsVersion = 15.4;
					};
				};
			};
			buildConfigurationList = B082D1D42CB2DD670014F4C9 /* Build configuration list for PBXProject "Menu Adviser" */;
			compatibilityVersion = "Xcode 14.0";
			developmentRegion = en;
			hasScannedForEncodings = 0;
			knownRegions = (
				en,
				Base,
			);
			mainGroup = B082D1D02CB2DD670014F4C9;
			productRefGroup = B082D1DA2CB2DD670014F4C9 /* Products */;
			projectDirPath = "";
			projectRoot = "";
			targets = (
				B082D1D82CB2DD670014F4C9 /* Menu Adviser */,
			);
		};
/* End PBXProject section */

/* Begin PBXResourcesBuildPhase section */
		B082D1D72CB2DD670014F4C9 /* Resources */ = {
			isa = PBXResourcesBuildPhase;
			buildActionMask = 2147483647;
			files = (
				B04420772CD92CBC00F6A9F9 /* allergens.json in Resources */,
				B082D1F72CB2E4840014F4C9 /* Launch Screen.storyboard in Resources */,
				B082D1E42CB2DD690014F4C9 /* Preview Assets.xcassets in Resources */,
				B044207F2CDA4DD600F6A9F9 /* breakfast.json in Resources */,
				B04420802CDA4DD600F6A9F9 /* lunch.json in Resources */,
				B04420812CDA4DD600F6A9F9 /* snack.json in Resources */,
				B04420822CDA4DD600F6A9F9 /* dinner.json in Resources */,
				B082D1E12CB2DD690014F4C9 /* Assets.xcassets in Resources */,
			);
			runOnlyForDeploymentPostprocessing = 0;
		};
/* End PBXResourcesBuildPhase section */

/* Begin PBXSourcesBuildPhase section */
		B082D1D52CB2DD670014F4C9 /* Sources */ = {
			isa = PBXSourcesBuildPhase;
			buildActionMask = 2147483647;
			files = (
				B04420872CDCF42400F6A9F9 /* MenuPreferencesModel.swift in Sources */,
				B082D1ED2CB2DDC90014F4C9 /* ProgressView.swift in Sources */,
				B0E4BFB62CC553C7002F87E8 /* GoalsModel.swift in Sources */,
				B044205D2CD3ECFD00F6A9F9 /* AppData.swift in Sources */,
				B0E4BFB42CC5528A002F87E8 /* GoalsEditView.swift in Sources */,
				B082D2132CBAA7EE0014F4C9 /* MenuPreferencesView.swift in Sources */,
				B082D1F32CB2DE4D0014F4C9 /* MenuView.swift in Sources */,
				B04420682CD8CD9D00F6A9F9 /* DailyMenuView.swift in Sources */,
				B082D21B2CBAC0AF0014F4C9 /* JSONDataController.swift in Sources */,
				B044206A2CD8D73A00F6A9F9 /* ProgressBarView.swift in Sources */,
				B0E4BFB22CC551FF002F87E8 /* GoalsDataView.swift in Sources */,
				B082D1F12CB2DE3C0014F4C9 /* GoalsView.swift in Sources */,
				B04420662CD69F8600F6A9F9 /* DailyMenuModel.swift in Sources */,
				B082D2222CBAC5F10014F4C9 /* AllergenRowView.swift in Sources */,
				B04420622CD53CC700F6A9F9 /* DayBadgeView.swift in Sources */,
				B04420642CD67C3800F6A9F9 /* DayDetailsView.swift in Sources */,
				B082D2262CBACC080014F4C9 /* RecipeData.swift in Sources */,
				B0A7395C2CC0007E00DBA213 /* UserModel.swift in Sources */,
				B036371A2CDD64F600E44FE6 /* RecipeMealRowView.swift in Sources */,
				B082D1DF2CB2DD670014F4C9 /* ContentView.swift in Sources */,
				B082D1DD2CB2DD670014F4C9 /* Menu_AdviserApp.swift in Sources */,
				B0547D932CC3E2C3005AFFFD /* UserView.swift in Sources */,
				B03637182CDD1BD400E44FE6 /* SelectedRecipe.swift in Sources */,
				B0547D902CC3C60D005AFFFD /* UserEditView.swift in Sources */,
				B082D1EF2CB2DE140014F4C9 /* UserDataView.swift in Sources */,
				B04420852CDA87E900F6A9F9 /* AllergensData.swift in Sources */,
				B044206C2CD92BA200F6A9F9 /* NetworkController.swift in Sources */,
				B03637162CDD0FA100E44FE6 /* RecipeDetailsView.swift in Sources */,
			);
			runOnlyForDeploymentPostprocessing = 0;
		};
/* End PBXSourcesBuildPhase section */

/* Begin XCBuildConfiguration section */
		B082D1E52CB2DD690014F4C9 /* Debug */ = {
			isa = XCBuildConfiguration;
			buildSettings = {
				ALWAYS_SEARCH_USER_PATHS = NO;
				ASSETCATALOG_COMPILER_GENERATE_SWIFT_ASSET_SYMBOL_EXTENSIONS = YES;
				CLANG_ANALYZER_NONNULL = YES;
				CLANG_ANALYZER_NUMBER_OBJECT_CONVERSION = YES_AGGRESSIVE;
				CLANG_CXX_LANGUAGE_STANDARD = "gnu++20";
				CLANG_ENABLE_MODULES = YES;
				CLANG_ENABLE_OBJC_ARC = YES;
				CLANG_ENABLE_OBJC_WEAK = YES;
				CLANG_WARN_BLOCK_CAPTURE_AUTORELEASING = YES;
				CLANG_WARN_BOOL_CONVERSION = YES;
				CLANG_WARN_COMMA = YES;
				CLANG_WARN_CONSTANT_CONVERSION = YES;
				CLANG_WARN_DEPRECATED_OBJC_IMPLEMENTATIONS = YES;
				CLANG_WARN_DIRECT_OBJC_ISA_USAGE = YES_ERROR;
				CLANG_WARN_DOCUMENTATION_COMMENTS = YES;
				CLANG_WARN_EMPTY_BODY = YES;
				CLANG_WARN_ENUM_CONVERSION = YES;
				CLANG_WARN_INFINITE_RECURSION = YES;
				CLANG_WARN_INT_CONVERSION = YES;
				CLANG_WARN_NON_LITERAL_NULL_CONVERSION = YES;
				CLANG_WARN_OBJC_IMPLICIT_RETAIN_SELF = YES;
				CLANG_WARN_OBJC_LITERAL_CONVERSION = YES;
				CLANG_WARN_OBJC_ROOT_CLASS = YES_ERROR;
				CLANG_WARN_QUOTED_INCLUDE_IN_FRAMEWORK_HEADER = YES;
				CLANG_WARN_RANGE_LOOP_ANALYSIS = YES;
				CLANG_WARN_STRICT_PROTOTYPES = YES;
				CLANG_WARN_SUSPICIOUS_MOVE = YES;
				CLANG_WARN_UNGUARDED_AVAILABILITY = YES_AGGRESSIVE;
				CLANG_WARN_UNREACHABLE_CODE = YES;
				CLANG_WARN__DUPLICATE_METHOD_MATCH = YES;
				COPY_PHASE_STRIP = NO;
				DEBUG_INFORMATION_FORMAT = dwarf;
				ENABLE_STRICT_OBJC_MSGSEND = YES;
				ENABLE_TESTABILITY = YES;
				ENABLE_USER_SCRIPT_SANDBOXING = YES;
				GCC_C_LANGUAGE_STANDARD = gnu17;
				GCC_DYNAMIC_NO_PIC = NO;
				GCC_NO_COMMON_BLOCKS = YES;
				GCC_OPTIMIZATION_LEVEL = 0;
				GCC_PREPROCESSOR_DEFINITIONS = (
					"DEBUG=1",
					"$(inherited)",
				);
				GCC_WARN_64_TO_32_BIT_CONVERSION = YES;
				GCC_WARN_ABOUT_RETURN_TYPE = YES_ERROR;
				GCC_WARN_UNDECLARED_SELECTOR = YES;
				GCC_WARN_UNINITIALIZED_AUTOS = YES_AGGRESSIVE;
				GCC_WARN_UNUSED_FUNCTION = YES;
				GCC_WARN_UNUSED_VARIABLE = YES;
				IPHONEOS_DEPLOYMENT_TARGET = 17.5;
				LOCALIZATION_PREFERS_STRING_CATALOGS = YES;
				MTL_ENABLE_DEBUG_INFO = INCLUDE_SOURCE;
				MTL_FAST_MATH = YES;
				ONLY_ACTIVE_ARCH = YES;
				SDKROOT = iphoneos;
				SWIFT_ACTIVE_COMPILATION_CONDITIONS = "DEBUG $(inherited)";
				SWIFT_OPTIMIZATION_LEVEL = "-Onone";
			};
			name = Debug;
		};
		B082D1E62CB2DD690014F4C9 /* Release */ = {
			isa = XCBuildConfiguration;
			buildSettings = {
				ALWAYS_SEARCH_USER_PATHS = NO;
				ASSETCATALOG_COMPILER_GENERATE_SWIFT_ASSET_SYMBOL_EXTENSIONS = YES;
				CLANG_ANALYZER_NONNULL = YES;
				CLANG_ANALYZER_NUMBER_OBJECT_CONVERSION = YES_AGGRESSIVE;
				CLANG_CXX_LANGUAGE_STANDARD = "gnu++20";
				CLANG_ENABLE_MODULES = YES;
				CLANG_ENABLE_OBJC_ARC = YES;
				CLANG_ENABLE_OBJC_WEAK = YES;
				CLANG_WARN_BLOCK_CAPTURE_AUTORELEASING = YES;
				CLANG_WARN_BOOL_CONVERSION = YES;
				CLANG_WARN_COMMA = YES;
				CLANG_WARN_CONSTANT_CONVERSION = YES;
				CLANG_WARN_DEPRECATED_OBJC_IMPLEMENTATIONS = YES;
				CLANG_WARN_DIRECT_OBJC_ISA_USAGE = YES_ERROR;
				CLANG_WARN_DOCUMENTATION_COMMENTS = YES;
				CLANG_WARN_EMPTY_BODY = YES;
				CLANG_WARN_ENUM_CONVERSION = YES;
				CLANG_WARN_INFINITE_RECURSION = YES;
				CLANG_WARN_INT_CONVERSION = YES;
				CLANG_WARN_NON_LITERAL_NULL_CONVERSION = YES;
				CLANG_WARN_OBJC_IMPLICIT_RETAIN_SELF = YES;
				CLANG_WARN_OBJC_LITERAL_CONVERSION = YES;
				CLANG_WARN_OBJC_ROOT_CLASS = YES_ERROR;
				CLANG_WARN_QUOTED_INCLUDE_IN_FRAMEWORK_HEADER = YES;
				CLANG_WARN_RANGE_LOOP_ANALYSIS = YES;
				CLANG_WARN_STRICT_PROTOTYPES = YES;
				CLANG_WARN_SUSPICIOUS_MOVE = YES;
				CLANG_WARN_UNGUARDED_AVAILABILITY = YES_AGGRESSIVE;
				CLANG_WARN_UNREACHABLE_CODE = YES;
				CLANG_WARN__DUPLICATE_METHOD_MATCH = YES;
				COPY_PHASE_STRIP = NO;
				DEBUG_INFORMATION_FORMAT = "dwarf-with-dsym";
				ENABLE_NS_ASSERTIONS = NO;
				ENABLE_STRICT_OBJC_MSGSEND = YES;
				ENABLE_USER_SCRIPT_SANDBOXING = YES;
				GCC_C_LANGUAGE_STANDARD = gnu17;
				GCC_NO_COMMON_BLOCKS = YES;
				GCC_WARN_64_TO_32_BIT_CONVERSION = YES;
				GCC_WARN_ABOUT_RETURN_TYPE = YES_ERROR;
				GCC_WARN_UNDECLARED_SELECTOR = YES;
				GCC_WARN_UNINITIALIZED_AUTOS = YES_AGGRESSIVE;
				GCC_WARN_UNUSED_FUNCTION = YES;
				GCC_WARN_UNUSED_VARIABLE = YES;
				IPHONEOS_DEPLOYMENT_TARGET = 17.5;
				LOCALIZATION_PREFERS_STRING_CATALOGS = YES;
				MTL_ENABLE_DEBUG_INFO = NO;
				MTL_FAST_MATH = YES;
				SDKROOT = iphoneos;
				SWIFT_COMPILATION_MODE = wholemodule;
				VALIDATE_PRODUCT = YES;
			};
			name = Release;
		};
		B082D1E82CB2DD690014F4C9 /* Debug */ = {
			isa = XCBuildConfiguration;
			buildSettings = {
				ASSETCATALOG_COMPILER_APPICON_NAME = AppIcon;
				ASSETCATALOG_COMPILER_GLOBAL_ACCENT_COLOR_NAME = AccentColor;
				CODE_SIGN_STYLE = Automatic;
				CURRENT_PROJECT_VERSION = 1;
				DEVELOPMENT_ASSET_PATHS = "\"Menu Adviser/Preview Content\"";
				DEVELOPMENT_TEAM = H5YUP3YU6X;
				ENABLE_PREVIEWS = YES;
				GENERATE_INFOPLIST_FILE = YES;
				INFOPLIST_KEY_UIApplicationSceneManifest_Generation = YES;
				INFOPLIST_KEY_UIApplicationSupportsIndirectInputEvents = YES;
				INFOPLIST_KEY_UILaunchScreen_Generation = YES;
				INFOPLIST_KEY_UILaunchStoryboardName = "Launch Screen.storyboard";
				INFOPLIST_KEY_UISupportedInterfaceOrientations = UIInterfaceOrientationPortrait;
				INFOPLIST_KEY_UISupportedInterfaceOrientations_iPad = "UIInterfaceOrientationLandscapeLeft UIInterfaceOrientationLandscapeRight UIInterfaceOrientationPortrait UIInterfaceOrientationPortraitUpsideDown";
				IPHONEOS_DEPLOYMENT_TARGET = 18.0;
				LD_RUNPATH_SEARCH_PATHS = (
					"$(inherited)",
					"@executable_path/Frameworks",
				);
				MARKETING_VERSION = 1.0;
				PRODUCT_BUNDLE_IDENTIFIER = "net.a-pps.Menu-Adviser";
				PRODUCT_NAME = "$(TARGET_NAME)";
				SWIFT_EMIT_LOC_STRINGS = YES;
				SWIFT_VERSION = 5.0;
				TARGETED_DEVICE_FAMILY = "1,2";
			};
			name = Debug;
		};
		B082D1E92CB2DD690014F4C9 /* Release */ = {
			isa = XCBuildConfiguration;
			buildSettings = {
				ASSETCATALOG_COMPILER_APPICON_NAME = AppIcon;
				ASSETCATALOG_COMPILER_GLOBAL_ACCENT_COLOR_NAME = AccentColor;
				CODE_SIGN_STYLE = Automatic;
				CURRENT_PROJECT_VERSION = 1;
				DEVELOPMENT_ASSET_PATHS = "\"Menu Adviser/Preview Content\"";
				DEVELOPMENT_TEAM = H5YUP3YU6X;
				ENABLE_PREVIEWS = YES;
				GENERATE_INFOPLIST_FILE = YES;
				INFOPLIST_KEY_UIApplicationSceneManifest_Generation = YES;
				INFOPLIST_KEY_UIApplicationSupportsIndirectInputEvents = YES;
				INFOPLIST_KEY_UILaunchScreen_Generation = YES;
				INFOPLIST_KEY_UILaunchStoryboardName = "Launch Screen.storyboard";
				INFOPLIST_KEY_UISupportedInterfaceOrientations = UIInterfaceOrientationPortrait;
				INFOPLIST_KEY_UISupportedInterfaceOrientations_iPad = "UIInterfaceOrientationLandscapeLeft UIInterfaceOrientationLandscapeRight UIInterfaceOrientationPortrait UIInterfaceOrientationPortraitUpsideDown";
				IPHONEOS_DEPLOYMENT_TARGET = 18.0;
				LD_RUNPATH_SEARCH_PATHS = (
					"$(inherited)",
					"@executable_path/Frameworks",
				);
				MARKETING_VERSION = 1.0;
				PRODUCT_BUNDLE_IDENTIFIER = "net.a-pps.Menu-Adviser";
				PRODUCT_NAME = "$(TARGET_NAME)";
				SWIFT_EMIT_LOC_STRINGS = YES;
				SWIFT_VERSION = 5.0;
				TARGETED_DEVICE_FAMILY = "1,2";
			};
			name = Release;
		};
/* End XCBuildConfiguration section */

/* Begin XCConfigurationList section */
		B082D1D42CB2DD670014F4C9 /* Build configuration list for PBXProject "Menu Adviser" */ = {
			isa = XCConfigurationList;
			buildConfigurations = (
				B082D1E52CB2DD690014F4C9 /* Debug */,
				B082D1E62CB2DD690014F4C9 /* Release */,
			);
			defaultConfigurationIsVisible = 0;
			defaultConfigurationName = Release;
		};
		B082D1E72CB2DD690014F4C9 /* Build configuration list for PBXNativeTarget "Menu Adviser" */ = {
			isa = XCConfigurationList;
			buildConfigurations = (
				B082D1E82CB2DD690014F4C9 /* Debug */,
				B082D1E92CB2DD690014F4C9 /* Release */,
			);
			defaultConfigurationIsVisible = 0;
			defaultConfigurationName = Release;
		};
/* End XCConfigurationList section */
	};
	rootObject = B082D1D12CB2DD670014F4C9 /* Project object */;
}
