// !$*UTF8*$!
{
	archiveVersion = 1;
	classes = {
	};
	objectVersion = 56;
	objects = {

/* Begin PBXBuildFile section */
		B044205D2CD3ECFD00F6A9F9 /* ApplicationData.swift in Sources */ = {isa = PBXBuildFile; fileRef = B044205C2CD3ECFD00F6A9F9 /* ApplicationData.swift */; };
		B0547D902CC3C60D005AFFFD /* UserEditView.swift in Sources */ = {isa = PBXBuildFile; fileRef = B0547D8F2CC3C60D005AFFFD /* UserEditView.swift */; };
		B0547D932CC3E2C3005AFFFD /* UserView.swift in Sources */ = {isa = PBXBuildFile; fileRef = B0547D922CC3E2C3005AFFFD /* UserView.swift */; };
		B082D1DD2CB2DD670014F4C9 /* Menu_AdviserApp.swift in Sources */ = {isa = PBXBuildFile; fileRef = B082D1DC2CB2DD670014F4C9 /* Menu_AdviserApp.swift */; };
		B082D1DF2CB2DD670014F4C9 /* ContentView.swift in Sources */ = {isa = PBXBuildFile; fileRef = B082D1DE2CB2DD670014F4C9 /* ContentView.swift */; };
		B082D1E12CB2DD690014F4C9 /* Assets.xcassets in Resources */ = {isa = PBXBuildFile; fileRef = B082D1E02CB2DD690014F4C9 /* Assets.xcassets */; };
		B082D1E42CB2DD690014F4C9 /* Preview Assets.xcassets in Resources */ = {isa = PBXBuildFile; fileRef = B082D1E32CB2DD690014F4C9 /* Preview Assets.xcassets */; };
		B082D1ED2CB2DDC90014F4C9 /* ProgressView.swift in Sources */ = {isa = PBXBuildFile; fileRef = B082D1EC2CB2DDC90014F4C9 /* ProgressView.swift */; };
		B082D1EF2CB2DE140014F4C9 /* UserDataView.swift in Sources */ = {isa = PBXBuildFile; fileRef = B082D1EE2CB2DE130014F4C9 /* UserDataView.swift */; };
		B082D1F12CB2DE3C0014F4C9 /* GoalsView.swift in Sources */ = {isa = PBXBuildFile; fileRef = B082D1F02CB2DE3C0014F4C9 /* GoalsView.swift */; };
		B082D1F32CB2DE4D0014F4C9 /* MenuView.swift in Sources */ = {isa = PBXBuildFile; fileRef = B082D1F22CB2DE4D0014F4C9 /* MenuView.swift */; };
		B082D1F72CB2E4840014F4C9 /* Launch Screen.storyboard in Resources */ = {isa = PBXBuildFile; fileRef = B082D1F62CB2E4840014F4C9 /* Launch Screen.storyboard */; };
		B082D2112CBA73C60014F4C9 /* GeneratedMenuView.swift in Sources */ = {isa = PBXBuildFile; fileRef = B082D2102CBA73C60014F4C9 /* GeneratedMenuView.swift */; };
		B082D2132CBAA7EE0014F4C9 /* SelectFoodView.swift in Sources */ = {isa = PBXBuildFile; fileRef = B082D2122CBAA7EE0014F4C9 /* SelectFoodView.swift */; };
		B082D2162CBAAAE60014F4C9 /* DishModel.swift in Sources */ = {isa = PBXBuildFile; fileRef = B082D2152CBAAAE50014F4C9 /* DishModel.swift */; };
		B082D21B2CBAC0AF0014F4C9 /* JSONDataController.swift in Sources */ = {isa = PBXBuildFile; fileRef = B082D21A2CBAC0AF0014F4C9 /* JSONDataController.swift */; };
		B082D21E2CBAC1890014F4C9 /* availableFoodData.json in Resources */ = {isa = PBXBuildFile; fileRef = B082D21D2CBAC1880014F4C9 /* availableFoodData.json */; };
		B082D2202CBAC2400014F4C9 /* FoodData.swift in Sources */ = {isa = PBXBuildFile; fileRef = B082D21F2CBAC2400014F4C9 /* FoodData.swift */; };
		B082D2222CBAC5F10014F4C9 /* AvailableFoodRowView.swift in Sources */ = {isa = PBXBuildFile; fileRef = B082D2212CBAC5F10014F4C9 /* AvailableFoodRowView.swift */; };
		B082D2242CBACBCE0014F4C9 /* recipeApiMock.json in Resources */ = {isa = PBXBuildFile; fileRef = B082D2232CBACBCE0014F4C9 /* recipeApiMock.json */; };
		B082D2262CBACC080014F4C9 /* RecipeData.swift in Sources */ = {isa = PBXBuildFile; fileRef = B082D2252CBACC080014F4C9 /* RecipeData.swift */; };
		B0A7395C2CC0007E00DBA213 /* UserModel.swift in Sources */ = {isa = PBXBuildFile; fileRef = B0A7395B2CC0007D00DBA213 /* UserModel.swift */; };
		B0DFB2F92CBC25AE00D16A55 /* DishDetailsView.swift in Sources */ = {isa = PBXBuildFile; fileRef = B0DFB2F82CBC25AD00D16A55 /* DishDetailsView.swift */; };
		B0E4BFB22CC551FF002F87E8 /* GoalsDataView.swift in Sources */ = {isa = PBXBuildFile; fileRef = B0E4BFB12CC551FF002F87E8 /* GoalsDataView.swift */; };
		B0E4BFB42CC5528A002F87E8 /* GoalsEditView.swift in Sources */ = {isa = PBXBuildFile; fileRef = B0E4BFB32CC5528A002F87E8 /* GoalsEditView.swift */; };
		B0E4BFB62CC553C7002F87E8 /* GoalsModel.swift in Sources */ = {isa = PBXBuildFile; fileRef = B0E4BFB52CC553C7002F87E8 /* GoalsModel.swift */; };
/* End PBXBuildFile section */

/* Begin PBXFileReference section */
		B044205C2CD3ECFD00F6A9F9 /* ApplicationData.swift */ = {isa = PBXFileReference; lastKnownFileType = sourcecode.swift; path = ApplicationData.swift; sourceTree = "<group>"; };
		B0547D8F2CC3C60D005AFFFD /* UserEditView.swift */ = {isa = PBXFileReference; lastKnownFileType = sourcecode.swift; path = UserEditView.swift; sourceTree = "<group>"; };
		B0547D922CC3E2C3005AFFFD /* UserView.swift */ = {isa = PBXFileReference; lastKnownFileType = sourcecode.swift; path = UserView.swift; sourceTree = "<group>"; };
		B082D1D92CB2DD670014F4C9 /* Menu Adviser.app */ = {isa = PBXFileReference; explicitFileType = wrapper.application; includeInIndex = 0; path = "Menu Adviser.app"; sourceTree = BUILT_PRODUCTS_DIR; };
		B082D1DC2CB2DD670014F4C9 /* Menu_AdviserApp.swift */ = {isa = PBXFileReference; lastKnownFileType = sourcecode.swift; path = Menu_AdviserApp.swift; sourceTree = "<group>"; };
		B082D1DE2CB2DD670014F4C9 /* ContentView.swift */ = {isa = PBXFileReference; lastKnownFileType = sourcecode.swift; path = ContentView.swift; sourceTree = "<group>"; };
		B082D1E02CB2DD690014F4C9 /* Assets.xcassets */ = {isa = PBXFileReference; lastKnownFileType = folder.assetcatalog; path = Assets.xcassets; sourceTree = "<group>"; };
		B082D1E32CB2DD690014F4C9 /* Preview Assets.xcassets */ = {isa = PBXFileReference; lastKnownFileType = folder.assetcatalog; path = "Preview Assets.xcassets"; sourceTree = "<group>"; };
		B082D1EC2CB2DDC90014F4C9 /* ProgressView.swift */ = {isa = PBXFileReference; lastKnownFileType = sourcecode.swift; path = ProgressView.swift; sourceTree = "<group>"; };
		B082D1EE2CB2DE130014F4C9 /* UserDataView.swift */ = {isa = PBXFileReference; lastKnownFileType = sourcecode.swift; path = UserDataView.swift; sourceTree = "<group>"; };
		B082D1F02CB2DE3C0014F4C9 /* GoalsView.swift */ = {isa = PBXFileReference; lastKnownFileType = sourcecode.swift; path = GoalsView.swift; sourceTree = "<group>"; };
		B082D1F22CB2DE4D0014F4C9 /* MenuView.swift */ = {isa = PBXFileReference; lastKnownFileType = sourcecode.swift; path = MenuView.swift; sourceTree = "<group>"; };
		B082D1F62CB2E4840014F4C9 /* Launch Screen.storyboard */ = {isa = PBXFileReference; lastKnownFileType = file.storyboard; path = "Launch Screen.storyboard"; sourceTree = "<group>"; };
		B082D2102CBA73C60014F4C9 /* GeneratedMenuView.swift */ = {isa = PBXFileReference; lastKnownFileType = sourcecode.swift; path = GeneratedMenuView.swift; sourceTree = "<group>"; };
		B082D2122CBAA7EE0014F4C9 /* SelectFoodView.swift */ = {isa = PBXFileReference; lastKnownFileType = sourcecode.swift; path = SelectFoodView.swift; sourceTree = "<group>"; };
		B082D2152CBAAAE50014F4C9 /* DishModel.swift */ = {isa = PBXFileReference; lastKnownFileType = sourcecode.swift; path = DishModel.swift; sourceTree = "<group>"; };
		B082D21A2CBAC0AF0014F4C9 /* JSONDataController.swift */ = {isa = PBXFileReference; lastKnownFileType = sourcecode.swift; path = JSONDataController.swift; sourceTree = "<group>"; };
		B082D21D2CBAC1880014F4C9 /* availableFoodData.json */ = {isa = PBXFileReference; lastKnownFileType = text.json; path = availableFoodData.json; sourceTree = "<group>"; };
		B082D21F2CBAC2400014F4C9 /* FoodData.swift */ = {isa = PBXFileReference; lastKnownFileType = sourcecode.swift; path = FoodData.swift; sourceTree = "<group>"; };
		B082D2212CBAC5F10014F4C9 /* AvailableFoodRowView.swift */ = {isa = PBXFileReference; lastKnownFileType = sourcecode.swift; path = AvailableFoodRowView.swift; sourceTree = "<group>"; };
		B082D2232CBACBCE0014F4C9 /* recipeApiMock.json */ = {isa = PBXFileReference; lastKnownFileType = text.json; path = recipeApiMock.json; sourceTree = "<group>"; };
		B082D2252CBACC080014F4C9 /* RecipeData.swift */ = {isa = PBXFileReference; lastKnownFileType = sourcecode.swift; path = RecipeData.swift; sourceTree = "<group>"; };
		B0A7395B2CC0007D00DBA213 /* UserModel.swift */ = {isa = PBXFileReference; lastKnownFileType = sourcecode.swift; path = UserModel.swift; sourceTree = "<group>"; };
		B0DFB2F82CBC25AD00D16A55 /* DishDetailsView.swift */ = {isa = PBXFileReference; lastKnownFileType = sourcecode.swift; path = DishDetailsView.swift; sourceTree = "<group>"; };
		B0E4BFB12CC551FF002F87E8 /* GoalsDataView.swift */ = {isa = PBXFileReference; lastKnownFileType = sourcecode.swift; path = GoalsDataView.swift; sourceTree = "<group>"; };
		B0E4BFB32CC5528A002F87E8 /* GoalsEditView.swift */ = {isa = PBXFileReference; lastKnownFileType = sourcecode.swift; path = GoalsEditView.swift; sourceTree = "<group>"; };
		B0E4BFB52CC553C7002F87E8 /* GoalsModel.swift */ = {isa = PBXFileReference; lastKnownFileType = sourcecode.swift; path = GoalsModel.swift; sourceTree = "<group>"; };
/* End PBXFileReference section */

/* Begin PBXFrameworksBuildPhase section */
		B082D1D62CB2DD670014F4C9 /* Frameworks */ = {
			isa = PBXFrameworksBuildPhase;
			buildActionMask = 2147483647;
			files = (
			);
			runOnlyForDeploymentPostprocessing = 0;
		};
/* End PBXFrameworksBuildPhase section */

/* Begin PBXGroup section */
		B0547D912CC3C682005AFFFD /* User */ = {
			isa = PBXGroup;
			children = (
				B082D1EE2CB2DE130014F4C9 /* UserDataView.swift */,
				B0547D8F2CC3C60D005AFFFD /* UserEditView.swift */,
			);
			path = User;
			sourceTree = "<group>";
		};
		B082D1D02CB2DD670014F4C9 = {
			isa = PBXGroup;
			children = (
				B082D1DB2CB2DD670014F4C9 /* Menu Adviser */,
				B082D1DA2CB2DD670014F4C9 /* Products */,
			);
			sourceTree = "<group>";
		};
		B082D1DA2CB2DD670014F4C9 /* Products */ = {
			isa = PBXGroup;
			children = (
				B082D1D92CB2DD670014F4C9 /* Menu Adviser.app */,
			);
			name = Products;
			sourceTree = "<group>";
		};
		B082D1DB2CB2DD670014F4C9 /* Menu Adviser */ = {
			isa = PBXGroup;
			children = (
				B082D1DC2CB2DD670014F4C9 /* Menu_AdviserApp.swift */,
				B082D21C2CBAC1320014F4C9 /* Data */,
				B082D2172CBAB2F40014F4C9 /* Controller */,
				B082D1F62CB2E4840014F4C9 /* Launch Screen.storyboard */,
				B082D2142CBAAAA50014F4C9 /* Model */,
				B082D1E02CB2DD690014F4C9 /* Assets.xcassets */,
				B082D1EB2CB2DD900014F4C9 /* View */,
				B082D1E22CB2DD690014F4C9 /* Preview Content */,
			);
			path = "Menu Adviser";
			sourceTree = "<group>";
		};
		B082D1E22CB2DD690014F4C9 /* Preview Content */ = {
			isa = PBXGroup;
			children = (
				B082D1E32CB2DD690014F4C9 /* Preview Assets.xcassets */,
			);
			path = "Preview Content";
			sourceTree = "<group>";
		};
		B082D1EB2CB2DD900014F4C9 /* View */ = {
			isa = PBXGroup;
			children = (
				B082D1DE2CB2DD670014F4C9 /* ContentView.swift */,
				B0E4BFB02CC54AC7002F87E8 /* Goals */,
				B0547D912CC3C682005AFFFD /* User */,
				B082D20F2CBA72E00014F4C9 /* Menu */,
				B082D1EC2CB2DDC90014F4C9 /* ProgressView.swift */,
				B082D1F02CB2DE3C0014F4C9 /* GoalsView.swift */,
				B082D1F22CB2DE4D0014F4C9 /* MenuView.swift */,
				B0547D922CC3E2C3005AFFFD /* UserView.swift */,
			);
			path = View;
			sourceTree = "<group>";
		};
		B082D20F2CBA72E00014F4C9 /* Menu */ = {
			isa = PBXGroup;
			children = (
				B082D2102CBA73C60014F4C9 /* GeneratedMenuView.swift */,
				B082D2122CBAA7EE0014F4C9 /* SelectFoodView.swift */,
				B0DFB2F82CBC25AD00D16A55 /* DishDetailsView.swift */,
				B082D2212CBAC5F10014F4C9 /* AvailableFoodRowView.swift */,
			);
			path = Menu;
			sourceTree = "<group>";
		};
		B082D2142CBAAAA50014F4C9 /* Model */ = {
			isa = PBXGroup;
			children = (
				B082D2152CBAAAE50014F4C9 /* DishModel.swift */,
				B0A7395B2CC0007D00DBA213 /* UserModel.swift */,
				B0E4BFB52CC553C7002F87E8 /* GoalsModel.swift */,
			);
			path = Model;
			sourceTree = "<group>";
		};
		B082D2172CBAB2F40014F4C9 /* Controller */ = {
			isa = PBXGroup;
			children = (
				B082D21A2CBAC0AF0014F4C9 /* JSONDataController.swift */,
			);
			path = Controller;
			sourceTree = "<group>";
		};
		B082D21C2CBAC1320014F4C9 /* Data */ = {
			isa = PBXGroup;
			children = (
				B082D21D2CBAC1880014F4C9 /* availableFoodData.json */,
				B082D2232CBACBCE0014F4C9 /* recipeApiMock.json */,
				B082D21F2CBAC2400014F4C9 /* FoodData.swift */,
				B082D2252CBACC080014F4C9 /* RecipeData.swift */,
				B044205C2CD3ECFD00F6A9F9 /* ApplicationData.swift */,
			);
			path = Data;
			sourceTree = "<group>";
		};
		B0E4BFB02CC54AC7002F87E8 /* Goals */ = {
			isa = PBXGroup;
			children = (
				B0E4BFB12CC551FF002F87E8 /* GoalsDataView.swift */,
				B0E4BFB32CC5528A002F87E8 /* GoalsEditView.swift */,
			);
			path = Goals;
			sourceTree = "<group>";
		};
/* End PBXGroup section */

/* Begin PBXNativeTarget section */
		B082D1D82CB2DD670014F4C9 /* Menu Adviser */ = {
			isa = PBXNativeTarget;
			buildConfigurationList = B082D1E72CB2DD690014F4C9 /* Build configuration list for PBXNativeTarget "Menu Adviser" */;
			buildPhases = (
				B082D1D52CB2DD670014F4C9 /* Sources */,
				B082D1D62CB2DD670014F4C9 /* Frameworks */,
				B082D1D72CB2DD670014F4C9 /* Resources */,
			);
			buildRules = (
			);
			dependencies = (
			);
			name = "Menu Adviser";
			productName = "Menu Adviser";
			productReference = B082D1D92CB2DD670014F4C9 /* Menu Adviser.app */;
			productType = "com.apple.product-type.application";
		};
/* End PBXNativeTarget section */

/* Begin PBXProject section */
		B082D1D12CB2DD670014F4C9 /* Project object */ = {
			isa = PBXProject;
			attributes = {
				BuildIndependentTargetsInParallel = 1;
				LastSwiftUpdateCheck = 1540;
				LastUpgradeCheck = 1540;
				TargetAttributes = {
					B082D1D82CB2DD670014F4C9 = {
						CreatedOnToolsVersion = 15.4;
					};
				};
			};
			buildConfigurationList = B082D1D42CB2DD670014F4C9 /* Build configuration list for PBXProject "Menu Adviser" */;
			compatibilityVersion = "Xcode 14.0";
			developmentRegion = en;
			hasScannedForEncodings = 0;
			knownRegions = (
				en,
				Base,
			);
			mainGroup = B082D1D02CB2DD670014F4C9;
			productRefGroup = B082D1DA2CB2DD670014F4C9 /* Products */;
			projectDirPath = "";
			projectRoot = "";
			targets = (
				B082D1D82CB2DD670014F4C9 /* Menu Adviser */,
			);
		};
/* End PBXProject section */

/* Begin PBXResourcesBuildPhase section */
		B082D1D72CB2DD670014F4C9 /* Resources */ = {
			isa = PBXResourcesBuildPhase;
			buildActionMask = 2147483647;
			files = (
				B082D1F72CB2E4840014F4C9 /* Launch Screen.storyboard in Resources */,
				B082D21E2CBAC1890014F4C9 /* availableFoodData.json in Resources */,
				B082D2242CBACBCE0014F4C9 /* recipeApiMock.json in Resources */,
				B082D1E42CB2DD690014F4C9 /* Preview Assets.xcassets in Resources */,
				B082D1E12CB2DD690014F4C9 /* Assets.xcassets in Resources */,
			);
			runOnlyForDeploymentPostprocessing = 0;
		};
/* End PBXResourcesBuildPhase section */

/* Begin PBXSourcesBuildPhase section */
		B082D1D52CB2DD670014F4C9 /* Sources */ = {
			isa = PBXSourcesBuildPhase;
			buildActionMask = 2147483647;
			files = (
				B082D2112CBA73C60014F4C9 /* GeneratedMenuView.swift in Sources */,
				B082D1ED2CB2DDC90014F4C9 /* ProgressView.swift in Sources */,
				B0E4BFB62CC553C7002F87E8 /* GoalsModel.swift in Sources */,
				B044205D2CD3ECFD00F6A9F9 /* ApplicationData.swift in Sources */,
				B0E4BFB42CC5528A002F87E8 /* GoalsEditView.swift in Sources */,
				B082D2132CBAA7EE0014F4C9 /* SelectFoodView.swift in Sources */,
				B082D2202CBAC2400014F4C9 /* FoodData.swift in Sources */,
				B082D1F32CB2DE4D0014F4C9 /* MenuView.swift in Sources */,
				B082D2162CBAAAE60014F4C9 /* DishModel.swift in Sources */,
				B082D21B2CBAC0AF0014F4C9 /* JSONDataController.swift in Sources */,
				B0E4BFB22CC551FF002F87E8 /* GoalsDataView.swift in Sources */,
				B082D1F12CB2DE3C0014F4C9 /* GoalsView.swift in Sources */,
				B082D2222CBAC5F10014F4C9 /* AvailableFoodRowView.swift in Sources */,
				B082D2262CBACC080014F4C9 /* RecipeData.swift in Sources */,
				B0A7395C2CC0007E00DBA213 /* UserModel.swift in Sources */,
				B082D1DF2CB2DD670014F4C9 /* ContentView.swift in Sources */,
				B082D1DD2CB2DD670014F4C9 /* Menu_AdviserApp.swift in Sources */,
				B0547D932CC3E2C3005AFFFD /* UserView.swift in Sources */,
				B0547D902CC3C60D005AFFFD /* UserEditView.swift in Sources */,
				B082D1EF2CB2DE140014F4C9 /* UserDataView.swift in Sources */,
				B0DFB2F92CBC25AE00D16A55 /* DishDetailsView.swift in Sources */,
			);
			runOnlyForDeploymentPostprocessing = 0;
		};
/* End PBXSourcesBuildPhase section */

/* Begin XCBuildConfiguration section */
		B082D1E52CB2DD690014F4C9 /* Debug */ = {
			isa = XCBuildConfiguration;
			buildSettings = {
				ALWAYS_SEARCH_USER_PATHS = NO;
				ASSETCATALOG_COMPILER_GENERATE_SWIFT_ASSET_SYMBOL_EXTENSIONS = YES;
				CLANG_ANALYZER_NONNULL = YES;
				CLANG_ANALYZER_NUMBER_OBJECT_CONVERSION = YES_AGGRESSIVE;
				CLANG_CXX_LANGUAGE_STANDARD = "gnu++20";
				CLANG_ENABLE_MODULES = YES;
				CLANG_ENABLE_OBJC_ARC = YES;
				CLANG_ENABLE_OBJC_WEAK = YES;
				CLANG_WARN_BLOCK_CAPTURE_AUTORELEASING = YES;
				CLANG_WARN_BOOL_CONVERSION = YES;
				CLANG_WARN_COMMA = YES;
				CLANG_WARN_CONSTANT_CONVERSION = YES;
				CLANG_WARN_DEPRECATED_OBJC_IMPLEMENTATIONS = YES;
				CLANG_WARN_DIRECT_OBJC_ISA_USAGE = YES_ERROR;
				CLANG_WARN_DOCUMENTATION_COMMENTS = YES;
				CLANG_WARN_EMPTY_BODY = YES;
				CLANG_WARN_ENUM_CONVERSION = YES;
				CLANG_WARN_INFINITE_RECURSION = YES;
				CLANG_WARN_INT_CONVERSION = YES;
				CLANG_WARN_NON_LITERAL_NULL_CONVERSION = YES;
				CLANG_WARN_OBJC_IMPLICIT_RETAIN_SELF = YES;
				CLANG_WARN_OBJC_LITERAL_CONVERSION = YES;
				CLANG_WARN_OBJC_ROOT_CLASS = YES_ERROR;
				CLANG_WARN_QUOTED_INCLUDE_IN_FRAMEWORK_HEADER = YES;
				CLANG_WARN_RANGE_LOOP_ANALYSIS = YES;
				CLANG_WARN_STRICT_PROTOTYPES = YES;
				CLANG_WARN_SUSPICIOUS_MOVE = YES;
				CLANG_WARN_UNGUARDED_AVAILABILITY = YES_AGGRESSIVE;
				CLANG_WARN_UNREACHABLE_CODE = YES;
				CLANG_WARN__DUPLICATE_METHOD_MATCH = YES;
				COPY_PHASE_STRIP = NO;
				DEBUG_INFORMATION_FORMAT = dwarf;
				ENABLE_STRICT_OBJC_MSGSEND = YES;
				ENABLE_TESTABILITY = YES;
				ENABLE_USER_SCRIPT_SANDBOXING = YES;
				GCC_C_LANGUAGE_STANDARD = gnu17;
				GCC_DYNAMIC_NO_PIC = NO;
				GCC_NO_COMMON_BLOCKS = YES;
				GCC_OPTIMIZATION_LEVEL = 0;
				GCC_PREPROCESSOR_DEFINITIONS = (
					"DEBUG=1",
					"$(inherited)",
				);
				GCC_WARN_64_TO_32_BIT_CONVERSION = YES;
				GCC_WARN_ABOUT_RETURN_TYPE = YES_ERROR;
				GCC_WARN_UNDECLARED_SELECTOR = YES;
				GCC_WARN_UNINITIALIZED_AUTOS = YES_AGGRESSIVE;
				GCC_WARN_UNUSED_FUNCTION = YES;
				GCC_WARN_UNUSED_VARIABLE = YES;
				IPHONEOS_DEPLOYMENT_TARGET = 17.5;
				LOCALIZATION_PREFERS_STRING_CATALOGS = YES;
				MTL_ENABLE_DEBUG_INFO = INCLUDE_SOURCE;
				MTL_FAST_MATH = YES;
				ONLY_ACTIVE_ARCH = YES;
				SDKROOT = iphoneos;
				SWIFT_ACTIVE_COMPILATION_CONDITIONS = "DEBUG $(inherited)";
				SWIFT_OPTIMIZATION_LEVEL = "-Onone";
			};
			name = Debug;
		};
		B082D1E62CB2DD690014F4C9 /* Release */ = {
			isa = XCBuildConfiguration;
			buildSettings = {
				ALWAYS_SEARCH_USER_PATHS = NO;
				ASSETCATALOG_COMPILER_GENERATE_SWIFT_ASSET_SYMBOL_EXTENSIONS = YES;
				CLANG_ANALYZER_NONNULL = YES;
				CLANG_ANALYZER_NUMBER_OBJECT_CONVERSION = YES_AGGRESSIVE;
				CLANG_CXX_LANGUAGE_STANDARD = "gnu++20";
				CLANG_ENABLE_MODULES = YES;
				CLANG_ENABLE_OBJC_ARC = YES;
				CLANG_ENABLE_OBJC_WEAK = YES;
				CLANG_WARN_BLOCK_CAPTURE_AUTORELEASING = YES;
				CLANG_WARN_BOOL_CONVERSION = YES;
				CLANG_WARN_COMMA = YES;
				CLANG_WARN_CONSTANT_CONVERSION = YES;
				CLANG_WARN_DEPRECATED_OBJC_IMPLEMENTATIONS = YES;
				CLANG_WARN_DIRECT_OBJC_ISA_USAGE = YES_ERROR;
				CLANG_WARN_DOCUMENTATION_COMMENTS = YES;
				CLANG_WARN_EMPTY_BODY = YES;
				CLANG_WARN_ENUM_CONVERSION = YES;
				CLANG_WARN_INFINITE_RECURSION = YES;
				CLANG_WARN_INT_CONVERSION = YES;
				CLANG_WARN_NON_LITERAL_NULL_CONVERSION = YES;
				CLANG_WARN_OBJC_IMPLICIT_RETAIN_SELF = YES;
				CLANG_WARN_OBJC_LITERAL_CONVERSION = YES;
				CLANG_WARN_OBJC_ROOT_CLASS = YES_ERROR;
				CLANG_WARN_QUOTED_INCLUDE_IN_FRAMEWORK_HEADER = YES;
				CLANG_WARN_RANGE_LOOP_ANALYSIS = YES;
				CLANG_WARN_STRICT_PROTOTYPES = YES;
				CLANG_WARN_SUSPICIOUS_MOVE = YES;
				CLANG_WARN_UNGUARDED_AVAILABILITY = YES_AGGRESSIVE;
				CLANG_WARN_UNREACHABLE_CODE = YES;
				CLANG_WARN__DUPLICATE_METHOD_MATCH = YES;
				COPY_PHASE_STRIP = NO;
				DEBUG_INFORMATION_FORMAT = "dwarf-with-dsym";
				ENABLE_NS_ASSERTIONS = NO;
				ENABLE_STRICT_OBJC_MSGSEND = YES;
				ENABLE_USER_SCRIPT_SANDBOXING = YES;
				GCC_C_LANGUAGE_STANDARD = gnu17;
				GCC_NO_COMMON_BLOCKS = YES;
				GCC_WARN_64_TO_32_BIT_CONVERSION = YES;
				GCC_WARN_ABOUT_RETURN_TYPE = YES_ERROR;
				GCC_WARN_UNDECLARED_SELECTOR = YES;
				GCC_WARN_UNINITIALIZED_AUTOS = YES_AGGRESSIVE;
				GCC_WARN_UNUSED_FUNCTION = YES;
				GCC_WARN_UNUSED_VARIABLE = YES;
				IPHONEOS_DEPLOYMENT_TARGET = 17.5;
				LOCALIZATION_PREFERS_STRING_CATALOGS = YES;
				MTL_ENABLE_DEBUG_INFO = NO;
				MTL_FAST_MATH = YES;
				SDKROOT = iphoneos;
				SWIFT_COMPILATION_MODE = wholemodule;
				VALIDATE_PRODUCT = YES;
			};
			name = Release;
		};
		B082D1E82CB2DD690014F4C9 /* Debug */ = {
			isa = XCBuildConfiguration;
			buildSettings = {
				ASSETCATALOG_COMPILER_APPICON_NAME = AppIcon;
				ASSETCATALOG_COMPILER_GLOBAL_ACCENT_COLOR_NAME = AccentColor;
				CODE_SIGN_STYLE = Automatic;
				CURRENT_PROJECT_VERSION = 1;
				DEVELOPMENT_ASSET_PATHS = "\"Menu Adviser/Preview Content\"";
				DEVELOPMENT_TEAM = H5YUP3YU6X;
				ENABLE_PREVIEWS = YES;
				GENERATE_INFOPLIST_FILE = YES;
				INFOPLIST_KEY_UIApplicationSceneManifest_Generation = YES;
				INFOPLIST_KEY_UIApplicationSupportsIndirectInputEvents = YES;
				INFOPLIST_KEY_UILaunchScreen_Generation = YES;
				INFOPLIST_KEY_UILaunchStoryboardName = "Launch Screen.storyboard";
				INFOPLIST_KEY_UISupportedInterfaceOrientations = UIInterfaceOrientationPortrait;
				INFOPLIST_KEY_UISupportedInterfaceOrientations_iPad = "UIInterfaceOrientationLandscapeLeft UIInterfaceOrientationLandscapeRight UIInterfaceOrientationPortrait UIInterfaceOrientationPortraitUpsideDown";
				LD_RUNPATH_SEARCH_PATHS = (
					"$(inherited)",
					"@executable_path/Frameworks",
				);
				MARKETING_VERSION = 1.0;
				PRODUCT_BUNDLE_IDENTIFIER = "net.a-pps.Menu-Adviser";
				PRODUCT_NAME = "$(TARGET_NAME)";
				SWIFT_EMIT_LOC_STRINGS = YES;
				SWIFT_VERSION = 5.0;
				TARGETED_DEVICE_FAMILY = "1,2";
			};
			name = Debug;
		};
		B082D1E92CB2DD690014F4C9 /* Release */ = {
			isa = XCBuildConfiguration;
			buildSettings = {
				ASSETCATALOG_COMPILER_APPICON_NAME = AppIcon;
				ASSETCATALOG_COMPILER_GLOBAL_ACCENT_COLOR_NAME = AccentColor;
				CODE_SIGN_STYLE = Automatic;
				CURRENT_PROJECT_VERSION = 1;
				DEVELOPMENT_ASSET_PATHS = "\"Menu Adviser/Preview Content\"";
				DEVELOPMENT_TEAM = H5YUP3YU6X;
				ENABLE_PREVIEWS = YES;
				GENERATE_INFOPLIST_FILE = YES;
				INFOPLIST_KEY_UIApplicationSceneManifest_Generation = YES;
				INFOPLIST_KEY_UIApplicationSupportsIndirectInputEvents = YES;
				INFOPLIST_KEY_UILaunchScreen_Generation = YES;
				INFOPLIST_KEY_UILaunchStoryboardName = "Launch Screen.storyboard";
				INFOPLIST_KEY_UISupportedInterfaceOrientations = UIInterfaceOrientationPortrait;
				INFOPLIST_KEY_UISupportedInterfaceOrientations_iPad = "UIInterfaceOrientationLandscapeLeft UIInterfaceOrientationLandscapeRight UIInterfaceOrientationPortrait UIInterfaceOrientationPortraitUpsideDown";
				LD_RUNPATH_SEARCH_PATHS = (
					"$(inherited)",
					"@executable_path/Frameworks",
				);
				MARKETING_VERSION = 1.0;
				PRODUCT_BUNDLE_IDENTIFIER = "net.a-pps.Menu-Adviser";
				PRODUCT_NAME = "$(TARGET_NAME)";
				SWIFT_EMIT_LOC_STRINGS = YES;
				SWIFT_VERSION = 5.0;
				TARGETED_DEVICE_FAMILY = "1,2";
			};
			name = Release;
		};
/* End XCBuildConfiguration section */

/* Begin XCConfigurationList section */
		B082D1D42CB2DD670014F4C9 /* Build configuration list for PBXProject "Menu Adviser" */ = {
			isa = XCConfigurationList;
			buildConfigurations = (
				B082D1E52CB2DD690014F4C9 /* Debug */,
				B082D1E62CB2DD690014F4C9 /* Release */,
			);
			defaultConfigurationIsVisible = 0;
			defaultConfigurationName = Release;
		};
		B082D1E72CB2DD690014F4C9 /* Build configuration list for PBXNativeTarget "Menu Adviser" */ = {
			isa = XCConfigurationList;
			buildConfigurations = (
				B082D1E82CB2DD690014F4C9 /* Debug */,
				B082D1E92CB2DD690014F4C9 /* Release */,
			);
			defaultConfigurationIsVisible = 0;
			defaultConfigurationName = Release;
		};
/* End XCConfigurationList section */
	};
	rootObject = B082D1D12CB2DD670014F4C9 /* Project object */;
}
